
Microsoft Visual Studio Solution File, Format Version 12.00
# Visual Studio Version 17
VisualStudioVersion = 17.13.35828.75 d17.13
MinimumVisualStudioVersion = 10.0.40219.1
Project("{FAE04EC0-301F-11D3-BF4B-00C04F79EFBC}") = "TransaccionesBancarias", "ProcesamientoTransaccionesBancarias\TransaccionesBancarias.csproj", "{E91DCE4B-86A4-4BA9-A19B-3BC26ECF788B}"
EndProject
Global
	GlobalSection(SolutionConfigurationPlatforms) = preSolution
		Debug|Any CPU = Debug|Any CPU
		Release|Any CPU = Release|Any CPU
	EndGlobalSection
	GlobalSection(ProjectConfigurationPlatforms) = postSolution
		{E91DCE4B-86A4-4BA9-A19B-3BC26ECF788B}.Debug|Any CPU.ActiveCfg = Debug|Any CPU
		{E91DCE4B-86A4-4BA9-A19B-3BC26ECF788B}.Debug|Any CPU.Build.0 = Debug|Any CPU
		{E91DCE4B-86A4-4BA9-A19B-3BC26ECF788B}.Release|Any CPU.ActiveCfg = Release|Any CPU
		{E91DCE4B-86A4-4BA9-A19B-3BC26ECF788B}.Release|Any CPU.Build.0 = Release|Any CPU
	EndGlobalSection
	GlobalSection(SolutionProperties) = preSolution
		HideSolutionNode = FALSE
	EndGlobalSection
	GlobalSection(ExtensibilityGlobals) = postSolution
		SolutionGuid = {0AE4DC5F-E84E-4857-A071-8A23E0C993CE}
	EndGlobalSection
EndGlobal
